
Microsoft Visual Studio Solution File, Format Version 12.00
# Visual Studio 15
VisualStudioVersion = 15.0.26124.0
MinimumVisualStudioVersion = 15.0.26124.0
Project("{FAE04EC0-301F-11D3-BF4B-00C04F79EFBC}") = "Proagil.WebAPI", "ProAgil.WebAPI\Proagil.WebAPI.csproj", "{7DF37AAC-A72E-4E9B-B56B-11F7CE2C2DC6}"
EndProject
Project("{FAE04EC0-301F-11D3-BF4B-00C04F79EFBC}") = "Proagil.Repository", "ProAgil.Repository\Proagil.Repository.csproj", "{A1207E3F-C997-4DD4-B1D8-EAB9CCF6D92A}"
EndProject
Project("{FAE04EC0-301F-11D3-BF4B-00C04F79EFBC}") = "Proagil.Domain", "ProAgil.Domain\Proagil.Domain.csproj", "{4236A803-72D1-420C-991B-AEDA70DB4E13}"
EndProject
Global
	GlobalSection(SolutionConfigurationPlatforms) = preSolution
		Debug|Any CPU = Debug|Any CPU
		Debug|x64 = Debug|x64
		Debug|x86 = Debug|x86
		Release|Any CPU = Release|Any CPU
		Release|x64 = Release|x64
		Release|x86 = Release|x86
	EndGlobalSection
	GlobalSection(SolutionProperties) = preSolution
		HideSolutionNode = FALSE
	EndGlobalSection
	GlobalSection(ProjectConfigurationPlatforms) = postSolution
		{7DF37AAC-A72E-4E9B-B56B-11F7CE2C2DC6}.Debug|Any CPU.ActiveCfg = Debug|Any CPU
		{7DF37AAC-A72E-4E9B-B56B-11F7CE2C2DC6}.Debug|Any CPU.Build.0 = Debug|Any CPU
		{7DF37AAC-A72E-4E9B-B56B-11F7CE2C2DC6}.Debug|x64.ActiveCfg = Debug|Any CPU
		{7DF37AAC-A72E-4E9B-B56B-11F7CE2C2DC6}.Debug|x64.Build.0 = Debug|Any CPU
		{7DF37AAC-A72E-4E9B-B56B-11F7CE2C2DC6}.Debug|x86.ActiveCfg = Debug|Any CPU
		{7DF37AAC-A72E-4E9B-B56B-11F7CE2C2DC6}.Debug|x86.Build.0 = Debug|Any CPU
		{7DF37AAC-A72E-4E9B-B56B-11F7CE2C2DC6}.Release|Any CPU.ActiveCfg = Release|Any CPU
		{7DF37AAC-A72E-4E9B-B56B-11F7CE2C2DC6}.Release|Any CPU.Build.0 = Release|Any CPU
		{7DF37AAC-A72E-4E9B-B56B-11F7CE2C2DC6}.Release|x64.ActiveCfg = Release|Any CPU
		{7DF37AAC-A72E-4E9B-B56B-11F7CE2C2DC6}.Release|x64.Build.0 = Release|Any CPU
		{7DF37AAC-A72E-4E9B-B56B-11F7CE2C2DC6}.Release|x86.ActiveCfg = Release|Any CPU
		{7DF37AAC-A72E-4E9B-B56B-11F7CE2C2DC6}.Release|x86.Build.0 = Release|Any CPU
		{A1207E3F-C997-4DD4-B1D8-EAB9CCF6D92A}.Debug|Any CPU.ActiveCfg = Debug|Any CPU
		{A1207E3F-C997-4DD4-B1D8-EAB9CCF6D92A}.Debug|Any CPU.Build.0 = Debug|Any CPU
		{A1207E3F-C997-4DD4-B1D8-EAB9CCF6D92A}.Debug|x64.ActiveCfg = Debug|Any CPU
		{A1207E3F-C997-4DD4-B1D8-EAB9CCF6D92A}.Debug|x64.Build.0 = Debug|Any CPU
		{A1207E3F-C997-4DD4-B1D8-EAB9CCF6D92A}.Debug|x86.ActiveCfg = Debug|Any CPU
		{A1207E3F-C997-4DD4-B1D8-EAB9CCF6D92A}.Debug|x86.Build.0 = Debug|Any CPU
		{A1207E3F-C997-4DD4-B1D8-EAB9CCF6D92A}.Release|Any CPU.ActiveCfg = Release|Any CPU
		{A1207E3F-C997-4DD4-B1D8-EAB9CCF6D92A}.Release|Any CPU.Build.0 = Release|Any CPU
		{A1207E3F-C997-4DD4-B1D8-EAB9CCF6D92A}.Release|x64.ActiveCfg = Release|Any CPU
		{A1207E3F-C997-4DD4-B1D8-EAB9CCF6D92A}.Release|x64.Build.0 = Release|Any CPU
		{A1207E3F-C997-4DD4-B1D8-EAB9CCF6D92A}.Release|x86.ActiveCfg = Release|Any CPU
		{A1207E3F-C997-4DD4-B1D8-EAB9CCF6D92A}.Release|x86.Build.0 = Release|Any CPU
		{4236A803-72D1-420C-991B-AEDA70DB4E13}.Debug|Any CPU.ActiveCfg = Debug|Any CPU
		{4236A803-72D1-420C-991B-AEDA70DB4E13}.Debug|Any CPU.Build.0 = Debug|Any CPU
		{4236A803-72D1-420C-991B-AEDA70DB4E13}.Debug|x64.ActiveCfg = Debug|Any CPU
		{4236A803-72D1-420C-991B-AEDA70DB4E13}.Debug|x64.Build.0 = Debug|Any CPU
		{4236A803-72D1-420C-991B-AEDA70DB4E13}.Debug|x86.ActiveCfg = Debug|Any CPU
		{4236A803-72D1-420C-991B-AEDA70DB4E13}.Debug|x86.Build.0 = Debug|Any CPU
		{4236A803-72D1-420C-991B-AEDA70DB4E13}.Release|Any CPU.ActiveCfg = Release|Any CPU
		{4236A803-72D1-420C-991B-AEDA70DB4E13}.Release|Any CPU.Build.0 = Release|Any CPU
		{4236A803-72D1-420C-991B-AEDA70DB4E13}.Release|x64.ActiveCfg = Release|Any CPU
		{4236A803-72D1-420C-991B-AEDA70DB4E13}.Release|x64.Build.0 = Release|Any CPU
		{4236A803-72D1-420C-991B-AEDA70DB4E13}.Release|x86.ActiveCfg = Release|Any CPU
		{4236A803-72D1-420C-991B-AEDA70DB4E13}.Release|x86.Build.0 = Release|Any CPU
	EndGlobalSection
EndGlobal
